// !$*UTF8*$!
{
	archiveVersion = 1;
	classes = {
	};
	objectVersion = 50;
	objects = {

/* Begin PBXBuildFile section */
		183CDCCE22D501FD00677EB3 /* AppDelegate.swift in Sources */ = {isa = PBXBuildFile; fileRef = 183CDCCD22D501FD00677EB3 /* AppDelegate.swift */; };
		183CDCD022D501FD00677EB3 /* ViewController.swift in Sources */ = {isa = PBXBuildFile; fileRef = 183CDCCF22D501FD00677EB3 /* ViewController.swift */; };
		183CDCD322D501FD00677EB3 /* Main.storyboard in Resources */ = {isa = PBXBuildFile; fileRef = 183CDCD122D501FD00677EB3 /* Main.storyboard */; };
		183CDCD622D501FD00677EB3 /* practiceGit.xcdatamodeld in Sources */ = {isa = PBXBuildFile; fileRef = 183CDCD422D501FD00677EB3 /* practiceGit.xcdatamodeld */; };
		183CDCD822D501FE00677EB3 /* Assets.xcassets in Resources */ = {isa = PBXBuildFile; fileRef = 183CDCD722D501FE00677EB3 /* Assets.xcassets */; };
		183CDCDB22D501FE00677EB3 /* LaunchScreen.storyboard in Resources */ = {isa = PBXBuildFile; fileRef = 183CDCD922D501FE00677EB3 /* LaunchScreen.storyboard */; };
		183CDCE622D501FF00677EB3 /* practiceGitTests.swift in Sources */ = {isa = PBXBuildFile; fileRef = 183CDCE522D501FF00677EB3 /* practiceGitTests.swift */; };
		183CDCF122D501FF00677EB3 /* practiceGitUITests.swift in Sources */ = {isa = PBXBuildFile; fileRef = 183CDCF022D501FF00677EB3 /* practiceGitUITests.swift */; };
/* End PBXBuildFile section */

/* Begin PBXContainerItemProxy section */
		183CDCE222D501FF00677EB3 /* PBXContainerItemProxy */ = {
			isa = PBXContainerItemProxy;
			containerPortal = 183CDCC222D501FD00677EB3 /* Project object */;
			proxyType = 1;
			remoteGlobalIDString = 183CDCC922D501FD00677EB3;
			remoteInfo = practiceGit;
		};
		183CDCED22D501FF00677EB3 /* PBXContainerItemProxy */ = {
			isa = PBXContainerItemProxy;
			containerPortal = 183CDCC222D501FD00677EB3 /* Project object */;
			proxyType = 1;
			remoteGlobalIDString = 183CDCC922D501FD00677EB3;
			remoteInfo = practiceGit;
		};
/* End PBXContainerItemProxy section */

/* Begin PBXFileReference section */
		183CDCCA22D501FD00677EB3 /* practiceGit.app */ = {isa = PBXFileReference; explicitFileType = wrapper.application; includeInIndex = 0; path = practiceGit.app; sourceTree = BUILT_PRODUCTS_DIR; };
		183CDCCD22D501FD00677EB3 /* AppDelegate.swift */ = {isa = PBXFileReference; lastKnownFileType = sourcecode.swift; path = AppDelegate.swift; sourceTree = "<group>"; };
		183CDCCF22D501FD00677EB3 /* ViewController.swift */ = {isa = PBXFileReference; lastKnownFileType = sourcecode.swift; path = ViewController.swift; sourceTree = "<group>"; };
		183CDCD222D501FD00677EB3 /* Base */ = {isa = PBXFileReference; lastKnownFileType = file.storyboard; name = Base; path = Base.lproj/Main.storyboard; sourceTree = "<group>"; };
		183CDCD522D501FD00677EB3 /* practiceGit.xcdatamodel */ = {isa = PBXFileReference; lastKnownFileType = wrapper.xcdatamodel; path = practiceGit.xcdatamodel; sourceTree = "<group>"; };
		183CDCD722D501FE00677EB3 /* Assets.xcassets */ = {isa = PBXFileReference; lastKnownFileType = folder.assetcatalog; path = Assets.xcassets; sourceTree = "<group>"; };
		183CDCDA22D501FE00677EB3 /* Base */ = {isa = PBXFileReference; lastKnownFileType = file.storyboard; name = Base; path = Base.lproj/LaunchScreen.storyboard; sourceTree = "<group>"; };
		183CDCDC22D501FE00677EB3 /* Info.plist */ = {isa = PBXFileReference; lastKnownFileType = text.plist.xml; path = Info.plist; sourceTree = "<group>"; };
		183CDCE122D501FE00677EB3 /* practiceGitTests.xctest */ = {isa = PBXFileReference; explicitFileType = wrapper.cfbundle; includeInIndex = 0; path = practiceGitTests.xctest; sourceTree = BUILT_PRODUCTS_DIR; };
		183CDCE522D501FF00677EB3 /* practiceGitTests.swift */ = {isa = PBXFileReference; lastKnownFileType = sourcecode.swift; path = practiceGitTests.swift; sourceTree = "<group>"; };
		183CDCE722D501FF00677EB3 /* Info.plist */ = {isa = PBXFileReference; lastKnownFileType = text.plist.xml; path = Info.plist; sourceTree = "<group>"; };
		183CDCEC22D501FF00677EB3 /* practiceGitUITests.xctest */ = {isa = PBXFileReference; explicitFileType = wrapper.cfbundle; includeInIndex = 0; path = practiceGitUITests.xctest; sourceTree = BUILT_PRODUCTS_DIR; };
		183CDCF022D501FF00677EB3 /* practiceGitUITests.swift */ = {isa = PBXFileReference; lastKnownFileType = sourcecode.swift; path = practiceGitUITests.swift; sourceTree = "<group>"; };
		183CDCF222D501FF00677EB3 /* Info.plist */ = {isa = PBXFileReference; lastKnownFileType = text.plist.xml; path = Info.plist; sourceTree = "<group>"; };
/* End PBXFileReference section */

/* Begin PBXFrameworksBuildPhase section */
		183CDCC722D501FD00677EB3 /* Frameworks */ = {
			isa = PBXFrameworksBuildPhase;
			buildActionMask = 2147483647;
			files = (
			);
			runOnlyForDeploymentPostprocessing = 0;
		};
		183CDCDE22D501FE00677EB3 /* Frameworks */ = {
			isa = PBXFrameworksBuildPhase;
			buildActionMask = 2147483647;
			files = (
			);
			runOnlyForDeploymentPostprocessing = 0;
		};
		183CDCE922D501FF00677EB3 /* Frameworks */ = {
			isa = PBXFrameworksBuildPhase;
			buildActionMask = 2147483647;
			files = (
			);
			runOnlyForDeploymentPostprocessing = 0;
		};
/* End PBXFrameworksBuildPhase section */

/* Begin PBXGroup section */
		183CDCC122D501FD00677EB3 = {
			isa = PBXGroup;
			children = (
				183CDCCC22D501FD00677EB3 /* practiceGit */,
				183CDCE422D501FF00677EB3 /* practiceGitTests */,
				183CDCEF22D501FF00677EB3 /* practiceGitUITests */,
				183CDCCB22D501FD00677EB3 /* Products */,
			);
			sourceTree = "<group>";
		};
		183CDCCB22D501FD00677EB3 /* Products */ = {
			isa = PBXGroup;
			children = (
				183CDCCA22D501FD00677EB3 /* practiceGit.app */,
				183CDCE122D501FE00677EB3 /* practiceGitTests.xctest */,
				183CDCEC22D501FF00677EB3 /* practiceGitUITests.xctest */,
			);
			name = Products;
			sourceTree = "<group>";
		};
		183CDCCC22D501FD00677EB3 /* practiceGit */ = {
			isa = PBXGroup;
			children = (
				183CDCCD22D501FD00677EB3 /* AppDelegate.swift */,
				183CDCCF22D501FD00677EB3 /* ViewController.swift */,
				183CDCD122D501FD00677EB3 /* Main.storyboard */,
				183CDCD722D501FE00677EB3 /* Assets.xcassets */,
				183CDCD922D501FE00677EB3 /* LaunchScreen.storyboard */,
				183CDCDC22D501FE00677EB3 /* Info.plist */,
				183CDCD422D501FD00677EB3 /* practiceGit.xcdatamodeld */,
			);
			path = practiceGit;
			sourceTree = "<group>";
		};
		183CDCE422D501FF00677EB3 /* practiceGitTests */ = {
			isa = PBXGroup;
			children = (
				183CDCE522D501FF00677EB3 /* practiceGitTests.swift */,
				183CDCE722D501FF00677EB3 /* Info.plist */,
			);
			path = practiceGitTests;
			sourceTree = "<group>";
		};
		183CDCEF22D501FF00677EB3 /* practiceGitUITests */ = {
			isa = PBXGroup;
			children = (
				183CDCF022D501FF00677EB3 /* practiceGitUITests.swift */,
				183CDCF222D501FF00677EB3 /* Info.plist */,
			);
			path = practiceGitUITests;
			sourceTree = "<group>";
		};
/* End PBXGroup section */

/* Begin PBXNativeTarget section */
		183CDCC922D501FD00677EB3 /* practiceGit */ = {
			isa = PBXNativeTarget;
			buildConfigurationList = 183CDCF522D501FF00677EB3 /* Build configuration list for PBXNativeTarget "practiceGit" */;
			buildPhases = (
				183CDCC622D501FD00677EB3 /* Sources */,
				183CDCC722D501FD00677EB3 /* Frameworks */,
				183CDCC822D501FD00677EB3 /* Resources */,
			);
			buildRules = (
			);
			dependencies = (
			);
			name = practiceGit;
			productName = practiceGit;
			productReference = 183CDCCA22D501FD00677EB3 /* practiceGit.app */;
			productType = "com.apple.product-type.application";
		};
		183CDCE022D501FE00677EB3 /* practiceGitTests */ = {
			isa = PBXNativeTarget;
			buildConfigurationList = 183CDCF822D501FF00677EB3 /* Build configuration list for PBXNativeTarget "practiceGitTests" */;
			buildPhases = (
				183CDCDD22D501FE00677EB3 /* Sources */,
				183CDCDE22D501FE00677EB3 /* Frameworks */,
				183CDCDF22D501FE00677EB3 /* Resources */,
			);
			buildRules = (
			);
			dependencies = (
				183CDCE322D501FF00677EB3 /* PBXTargetDependency */,
			);
			name = practiceGitTests;
			productName = practiceGitTests;
			productReference = 183CDCE122D501FE00677EB3 /* practiceGitTests.xctest */;
			productType = "com.apple.product-type.bundle.unit-test";
		};
		183CDCEB22D501FF00677EB3 /* practiceGitUITests */ = {
			isa = PBXNativeTarget;
			buildConfigurationList = 183CDCFB22D501FF00677EB3 /* Build configuration list for PBXNativeTarget "practiceGitUITests" */;
			buildPhases = (
				183CDCE822D501FF00677EB3 /* Sources */,
				183CDCE922D501FF00677EB3 /* Frameworks */,
				183CDCEA22D501FF00677EB3 /* Resources */,
			);
			buildRules = (
			);
			dependencies = (
				183CDCEE22D501FF00677EB3 /* PBXTargetDependency */,
			);
			name = practiceGitUITests;
			productName = practiceGitUITests;
			productReference = 183CDCEC22D501FF00677EB3 /* practiceGitUITests.xctest */;
			productType = "com.apple.product-type.bundle.ui-testing";
		};
/* End PBXNativeTarget section */

/* Begin PBXProject section */
		183CDCC222D501FD00677EB3 /* Project object */ = {
			isa = PBXProject;
			attributes = {
				LastSwiftUpdateCheck = 1020;
				LastUpgradeCheck = 1020;
				ORGANIZATIONNAME = Apple;
				TargetAttributes = {
					183CDCC922D501FD00677EB3 = {
						CreatedOnToolsVersion = 10.2.1;
					};
					183CDCE022D501FE00677EB3 = {
						CreatedOnToolsVersion = 10.2.1;
						TestTargetID = 183CDCC922D501FD00677EB3;
					};
					183CDCEB22D501FF00677EB3 = {
						CreatedOnToolsVersion = 10.2.1;
						TestTargetID = 183CDCC922D501FD00677EB3;
					};
				};
			};
			buildConfigurationList = 183CDCC522D501FD00677EB3 /* Build configuration list for PBXProject "practiceGit" */;
			compatibilityVersion = "Xcode 9.3";
			developmentRegion = en;
			hasScannedForEncodings = 0;
			knownRegions = (
				en,
				Base,
			);
			mainGroup = 183CDCC122D501FD00677EB3;
			productRefGroup = 183CDCCB22D501FD00677EB3 /* Products */;
			projectDirPath = "";
			projectRoot = "";
			targets = (
				183CDCC922D501FD00677EB3 /* practiceGit */,
				183CDCE022D501FE00677EB3 /* practiceGitTests */,
				183CDCEB22D501FF00677EB3 /* practiceGitUITests */,
			);
		};
/* End PBXProject section */

/* Begin PBXResourcesBuildPhase section */
		183CDCC822D501FD00677EB3 /* Resources */ = {
			isa = PBXResourcesBuildPhase;
			buildActionMask = 2147483647;
			files = (
				183CDCDB22D501FE00677EB3 /* LaunchScreen.storyboard in Resources */,
				183CDCD822D501FE00677EB3 /* Assets.xcassets in Resources */,
				183CDCD322D501FD00677EB3 /* Main.storyboard in Resources */,
			);
			runOnlyForDeploymentPostprocessing = 0;
		};
		183CDCDF22D501FE00677EB3 /* Resources */ = {
			isa = PBXResourcesBuildPhase;
			buildActionMask = 2147483647;
			files = (
			);
			runOnlyForDeploymentPostprocessing = 0;
		};
		183CDCEA22D501FF00677EB3 /* Resources */ = {
			isa = PBXResourcesBuildPhase;
			buildActionMask = 2147483647;
			files = (
			);
			runOnlyForDeploymentPostprocessing = 0;
		};
/* End PBXResourcesBuildPhase section */

/* Begin PBXSourcesBuildPhase section */
		183CDCC622D501FD00677EB3 /* Sources */ = {
			isa = PBXSourcesBuildPhase;
			buildActionMask = 2147483647;
			files = (
				183CDCD022D501FD00677EB3 /* ViewController.swift in Sources */,
				183CDCD622D501FD00677EB3 /* practiceGit.xcdatamodeld in Sources */,
				183CDCCE22D501FD00677EB3 /* AppDelegate.swift in Sources */,
			);
			runOnlyForDeploymentPostprocessing = 0;
		};
		183CDCDD22D501FE00677EB3 /* Sources */ = {
			isa = PBXSourcesBuildPhase;
			buildActionMask = 2147483647;
			files = (
				183CDCE622D501FF00677EB3 /* practiceGitTests.swift in Sources */,
			);
			runOnlyForDeploymentPostprocessing = 0;
		};
		183CDCE822D501FF00677EB3 /* Sources */ = {
			isa = PBXSourcesBuildPhase;
			buildActionMask = 2147483647;
			files = (
				183CDCF122D501FF00677EB3 /* practiceGitUITests.swift in Sources */,
			);
			runOnlyForDeploymentPostprocessing = 0;
		};
/* End PBXSourcesBuildPhase section */

/* Begin PBXTargetDependency section */
		183CDCE322D501FF00677EB3 /* PBXTargetDependency */ = {
			isa = PBXTargetDependency;
			target = 183CDCC922D501FD00677EB3 /* practiceGit */;
			targetProxy = 183CDCE222D501FF00677EB3 /* PBXContainerItemProxy */;
		};
		183CDCEE22D501FF00677EB3 /* PBXTargetDependency */ = {
			isa = PBXTargetDependency;
			target = 183CDCC922D501FD00677EB3 /* practiceGit */;
			targetProxy = 183CDCED22D501FF00677EB3 /* PBXContainerItemProxy */;
		};
/* End PBXTargetDependency section */

/* Begin PBXVariantGroup section */
		183CDCD122D501FD00677EB3 /* Main.storyboard */ = {
			isa = PBXVariantGroup;
			children = (
				183CDCD222D501FD00677EB3 /* Base */,
			);
			name = Main.storyboard;
			sourceTree = "<group>";
		};
		183CDCD922D501FE00677EB3 /* LaunchScreen.storyboard */ = {
			isa = PBXVariantGroup;
			children = (
				183CDCDA22D501FE00677EB3 /* Base */,
			);
			name = LaunchScreen.storyboard;
			sourceTree = "<group>";
		};
/* End PBXVariantGroup section */

/* Begin XCBuildConfiguration section */
		183CDCF322D501FF00677EB3 /* Debug */ = {
			isa = XCBuildConfiguration;
			buildSettings = {
				ALWAYS_SEARCH_USER_PATHS = NO;
				CLANG_ANALYZER_NONNULL = YES;
				CLANG_ANALYZER_NUMBER_OBJECT_CONVERSION = YES_AGGRESSIVE;
				CLANG_CXX_LANGUAGE_STANDARD = "gnu++14";
				CLANG_CXX_LIBRARY = "libc++";
				CLANG_ENABLE_MODULES = YES;
				CLANG_ENABLE_OBJC_ARC = YES;
				CLANG_ENABLE_OBJC_WEAK = YES;
				CLANG_WARN_BLOCK_CAPTURE_AUTORELEASING = YES;
				CLANG_WARN_BOOL_CONVERSION = YES;
				CLANG_WARN_COMMA = YES;
				CLANG_WARN_CONSTANT_CONVERSION = YES;
				CLANG_WARN_DEPRECATED_OBJC_IMPLEMENTATIONS = YES;
				CLANG_WARN_DIRECT_OBJC_ISA_USAGE = YES_ERROR;
				CLANG_WARN_DOCUMENTATION_COMMENTS = YES;
				CLANG_WARN_EMPTY_BODY = YES;
				CLANG_WARN_ENUM_CONVERSION = YES;
				CLANG_WARN_INFINITE_RECURSION = YES;
				CLANG_WARN_INT_CONVERSION = YES;
				CLANG_WARN_NON_LITERAL_NULL_CONVERSION = YES;
				CLANG_WARN_OBJC_IMPLICIT_RETAIN_SELF = YES;
				CLANG_WARN_OBJC_LITERAL_CONVERSION = YES;
				CLANG_WARN_OBJC_ROOT_CLASS = YES_ERROR;
				CLANG_WARN_RANGE_LOOP_ANALYSIS = YES;
				CLANG_WARN_STRICT_PROTOTYPES = YES;
				CLANG_WARN_SUSPICIOUS_MOVE = YES;
				CLANG_WARN_UNGUARDED_AVAILABILITY = YES_AGGRESSIVE;
				CLANG_WARN_UNREACHABLE_CODE = YES;
				CLANG_WARN__DUPLICATE_METHOD_MATCH = YES;
				CODE_SIGN_IDENTITY = "iPhone Developer";
				COPY_PHASE_STRIP = NO;
				DEBUG_INFORMATION_FORMAT = dwarf;
				ENABLE_STRICT_OBJC_MSGSEND = YES;
				ENABLE_TESTABILITY = YES;
				GCC_C_LANGUAGE_STANDARD = gnu11;
				GCC_DYNAMIC_NO_PIC = NO;
				GCC_NO_COMMON_BLOCKS = YES;
				GCC_OPTIMIZATION_LEVEL = 0;
				GCC_PREPROCESSOR_DEFINITIONS = (
					"DEBUG=1",
					"$(inherited)",
				);
				GCC_WARN_64_TO_32_BIT_CONVERSION = YES;
				GCC_WARN_ABOUT_RETURN_TYPE = YES_ERROR;
				GCC_WARN_UNDECLARED_SELECTOR = YES;
				GCC_WARN_UNINITIALIZED_AUTOS = YES_AGGRESSIVE;
				GCC_WARN_UNUSED_FUNCTION = YES;
				GCC_WARN_UNUSED_VARIABLE = YES;
				IPHONEOS_DEPLOYMENT_TARGET = 12.2;
				MTL_ENABLE_DEBUG_INFO = INCLUDE_SOURCE;
				MTL_FAST_MATH = YES;
				ONLY_ACTIVE_ARCH = YES;
				SDKROOT = iphoneos;
				SWIFT_ACTIVE_COMPILATION_CONDITIONS = DEBUG;
				SWIFT_OPTIMIZATION_LEVEL = "-Onone";
			};
			name = Debug;
		};
		183CDCF422D501FF00677EB3 /* Release */ = {
			isa = XCBuildConfiguration;
			buildSettings = {
				ALWAYS_SEARCH_USER_PATHS = NO;
				CLANG_ANALYZER_NONNULL = YES;
				CLANG_ANALYZER_NUMBER_OBJECT_CONVERSION = YES_AGGRESSIVE;
				CLANG_CXX_LANGUAGE_STANDARD = "gnu++14";
				CLANG_CXX_LIBRARY = "libc++";
				CLANG_ENABLE_MODULES = YES;
				CLANG_ENABLE_OBJC_ARC = YES;
				CLANG_ENABLE_OBJC_WEAK = YES;
				CLANG_WARN_BLOCK_CAPTURE_AUTORELEASING = YES;
				CLANG_WARN_BOOL_CONVERSION = YES;
				CLANG_WARN_COMMA = YES;
				CLANG_WARN_CONSTANT_CONVERSION = YES;
				CLANG_WARN_DEPRECATED_OBJC_IMPLEMENTATIONS = YES;
				CLANG_WARN_DIRECT_OBJC_ISA_USAGE = YES_ERROR;
				CLANG_WARN_DOCUMENTATION_COMMENTS = YES;
				CLANG_WARN_EMPTY_BODY = YES;
				CLANG_WARN_ENUM_CONVERSION = YES;
				CLANG_WARN_INFINITE_RECURSION = YES;
				CLANG_WARN_INT_CONVERSION = YES;
				CLANG_WARN_NON_LITERAL_NULL_CONVERSION = YES;
				CLANG_WARN_OBJC_IMPLICIT_RETAIN_SELF = YES;
				CLANG_WARN_OBJC_LITERAL_CONVERSION = YES;
				CLANG_WARN_OBJC_ROOT_CLASS = YES_ERROR;
				CLANG_WARN_RANGE_LOOP_ANALYSIS = YES;
				CLANG_WARN_STRICT_PROTOTYPES = YES;
				CLANG_WARN_SUSPICIOUS_MOVE = YES;
				CLANG_WARN_UNGUARDED_AVAILABILITY = YES_AGGRESSIVE;
				CLANG_WARN_UNREACHABLE_CODE = YES;
				CLANG_WARN__DUPLICATE_METHOD_MATCH = YES;
				CODE_SIGN_IDENTITY = "iPhone Developer";
				COPY_PHASE_STRIP = NO;
				DEBUG_INFORMATION_FORMAT = "dwarf-with-dsym";
				ENABLE_NS_ASSERTIONS = NO;
				ENABLE_STRICT_OBJC_MSGSEND = YES;
				GCC_C_LANGUAGE_STANDARD = gnu11;
				GCC_NO_COMMON_BLOCKS = YES;
				GCC_WARN_64_TO_32_BIT_CONVERSION = YES;
				GCC_WARN_ABOUT_RETURN_TYPE = YES_ERROR;
				GCC_WARN_UNDECLARED_SELECTOR = YES;
				GCC_WARN_UNINITIALIZED_AUTOS = YES_AGGRESSIVE;
				GCC_WARN_UNUSED_FUNCTION = YES;
				GCC_WARN_UNUSED_VARIABLE = YES;
				IPHONEOS_DEPLOYMENT_TARGET = 12.2;
				MTL_ENABLE_DEBUG_INFO = NO;
				MTL_FAST_MATH = YES;
				SDKROOT = iphoneos;
				SWIFT_COMPILATION_MODE = wholemodule;
				SWIFT_OPTIMIZATION_LEVEL = "-O";
				VALIDATE_PRODUCT = YES;
			};
			name = Release;
		};
		183CDCF622D501FF00677EB3 /* Debug */ = {
			isa = XCBuildConfiguration;
			buildSettings = {
				ASSETCATALOG_COMPILER_APPICON_NAME = AppIcon;
				CODE_SIGN_STYLE = Automatic;
				INFOPLIST_FILE = practiceGit/Info.plist;
				LD_RUNPATH_SEARCH_PATHS = (
					"$(inherited)",
					"@executable_path/Frameworks",
				);
				PRODUCT_BUNDLE_IDENTIFIER = KWK.practiceGit;
				PRODUCT_NAME = "$(TARGET_NAME)";
				SWIFT_VERSION = 5.0;
				TARGETED_DEVICE_FAMILY = "1,2";
			};
			name = Debug;
		};
		183CDCF722D501FF00677EB3 /* Release */ = {
			isa = XCBuildConfiguration;
			buildSettings = {
				ASSETCATALOG_COMPILER_APPICON_NAME = AppIcon;
				CODE_SIGN_STYLE = Automatic;
				INFOPLIST_FILE = practiceGit/Info.plist;
				LD_RUNPATH_SEARCH_PATHS = (
					"$(inherited)",
					"@executable_path/Frameworks",
				);
				PRODUCT_BUNDLE_IDENTIFIER = KWK.practiceGit;
				PRODUCT_NAME = "$(TARGET_NAME)";
				SWIFT_VERSION = 5.0;
				TARGETED_DEVICE_FAMILY = "1,2";
			};
			name = Release;
		};
		183CDCF922D501FF00677EB3 /* Debug */ = {
			isa = XCBuildConfiguration;
			buildSettings = {
				ALWAYS_EMBED_SWIFT_STANDARD_LIBRARIES = YES;
				BUNDLE_LOADER = "$(TEST_HOST)";
				CODE_SIGN_STYLE = Automatic;
				INFOPLIST_FILE = practiceGitTests/Info.plist;
				LD_RUNPATH_SEARCH_PATHS = (
					"$(inherited)",
					"@executable_path/Frameworks",
					"@loader_path/Frameworks",
				);
				PRODUCT_BUNDLE_IDENTIFIER = KWK.practiceGitTests;
				PRODUCT_NAME = "$(TARGET_NAME)";
				SWIFT_VERSION = 5.0;
				TARGETED_DEVICE_FAMILY = "1,2";
				TEST_HOST = "$(BUILT_PRODUCTS_DIR)/practiceGit.app/practiceGit";
			};
			name = Debug;
		};
		183CDCFA22D501FF00677EB3 /* Release */ = {
			isa = XCBuildConfiguration;
			buildSettings = {
				ALWAYS_EMBED_SWIFT_STANDARD_LIBRARIES = YES;
				BUNDLE_LOADER = "$(TEST_HOST)";
				CODE_SIGN_STYLE = Automatic;
				INFOPLIST_FILE = practiceGitTests/Info.plist;
				LD_RUNPATH_SEARCH_PATHS = (
					"$(inherited)",
					"@executable_path/Frameworks",
					"@loader_path/Frameworks",
				);
				PRODUCT_BUNDLE_IDENTIFIER = KWK.practiceGitTests;
				PRODUCT_NAME = "$(TARGET_NAME)";
				SWIFT_VERSION = 5.0;
				TARGETED_DEVICE_FAMILY = "1,2";
				TEST_HOST = "$(BUILT_PRODUCTS_DIR)/practiceGit.app/practiceGit";
			};
			name = Release;
		};
		183CDCFC22D501FF00677EB3 /* Debug */ = {
			isa = XCBuildConfiguration;
			buildSettings = {
				ALWAYS_EMBED_SWIFT_STANDARD_LIBRARIES = YES;
				CODE_SIGN_STYLE = Automatic;
				INFOPLIST_FILE = practiceGitUITests/Info.plist;
				LD_RUNPATH_SEARCH_PATHS = (
					"$(inherited)",
					"@executable_path/Frameworks",
					"@loader_path/Frameworks",
				);
				PRODUCT_BUNDLE_IDENTIFIER = KWK.practiceGitUITests;
				PRODUCT_NAME = "$(TARGET_NAME)";
				SWIFT_VERSION = 5.0;
				TARGETED_DEVICE_FAMILY = "1,2";
				TEST_TARGET_NAME = practiceGit;
			};
			name = Debug;
		};
		183CDCFD22D501FF00677EB3 /* Release */ = {
			isa = XCBuildConfiguration;
			buildSettings = {
				ALWAYS_EMBED_SWIFT_STANDARD_LIBRARIES = YES;
				CODE_SIGN_STYLE = Automatic;
				INFOPLIST_FILE = practiceGitUITests/Info.plist;
				LD_RUNPATH_SEARCH_PATHS = (
					"$(inherited)",
					"@executable_path/Frameworks",
					"@loader_path/Frameworks",
				);
				PRODUCT_BUNDLE_IDENTIFIER = KWK.practiceGitUITests;
				PRODUCT_NAME = "$(TARGET_NAME)";
				SWIFT_VERSION = 5.0;
				TARGETED_DEVICE_FAMILY = "1,2";
				TEST_TARGET_NAME = practiceGit;
			};
			name = Release;
		};
/* End XCBuildConfiguration section */

/* Begin XCConfigurationList section */
		183CDCC522D501FD00677EB3 /* Build configuration list for PBXProject "practiceGit" */ = {
			isa = XCConfigurationList;
			buildConfigurations = (
				183CDCF322D501FF00677EB3 /* Debug */,
				183CDCF422D501FF00677EB3 /* Release */,
			);
			defaultConfigurationIsVisible = 0;
			defaultConfigurationName = Release;
		};
		183CDCF522D501FF00677EB3 /* Build configuration list for PBXNativeTarget "practiceGit" */ = {
			isa = XCConfigurationList;
			buildConfigurations = (
				183CDCF622D501FF00677EB3 /* Debug */,
				183CDCF722D501FF00677EB3 /* Release */,
			);
			defaultConfigurationIsVisible = 0;
			defaultConfigurationName = Release;
		};
		183CDCF822D501FF00677EB3 /* Build configuration list for PBXNativeTarget "practiceGitTests" */ = {
			isa = XCConfigurationList;
			buildConfigurations = (
				183CDCF922D501FF00677EB3 /* Debug */,
				183CDCFA22D501FF00677EB3 /* Release */,
			);
			defaultConfigurationIsVisible = 0;
			defaultConfigurationName = Release;
		};
		183CDCFB22D501FF00677EB3 /* Build configuration list for PBXNativeTarget "practiceGitUITests" */ = {
			isa = XCConfigurationList;
			buildConfigurations = (
				183CDCFC22D501FF00677EB3 /* Debug */,
				183CDCFD22D501FF00677EB3 /* Release */,
			);
			defaultConfigurationIsVisible = 0;
			defaultConfigurationName = Release;
		};
/* End XCConfigurationList section */

/* Begin XCVersionGroup section */
		183CDCD422D501FD00677EB3 /* practiceGit.xcdatamodeld */ = {
			isa = XCVersionGroup;
			children = (
				183CDCD522D501FD00677EB3 /* practiceGit.xcdatamodel */,
			);
			currentVersion = 183CDCD522D501FD00677EB3 /* practiceGit.xcdatamodel */;
			path = practiceGit.xcdatamodeld;
			sourceTree = "<group>";
			versionGroupType = wrapper.xcdatamodel;
		};
/* End XCVersionGroup section */
	};
	rootObject = 183CDCC222D501FD00677EB3 /* Project object */;
}
